{
  "name": "clipchamp-webrtc-chat",
  "version": "1.0.0",
  "lockfileVersion": 1,
  "requires": true,
  "dependencies": {
    "@types/node": {
      "version": "9.6.0",
      "resolved": "https://registry.npmjs.org/@types/node/-/node-9.6.0.tgz",
      "integrity": "sha512-h3YZbOq2+ZoDFI1z8Zx0Ck/xRWkOESVaLdgLdd/c25mMQ1Y2CAkILu9ny5A15S5f32gGcQdaUIZ2jzYr8D7IFg==",
      "dev": true
    },
    "@types/webrtc": {
      "version": "0.0.23",
      "resolved": "https://registry.npmjs.org/@types/webrtc/-/webrtc-0.0.23.tgz",
      "integrity": "sha512-mq3RpNvVoR2r5ts7gGJh+uHv2wgLUdu1r+rwsZoR5tmb9pCtj8uMC1BWpYQF/SZBtPaj9RfnbIvudk+ajdXP4w==",
      "dev": true
    }
  }
}
